
Microsoft Visual Studio Solution File, Format Version 12.00
# Visual Studio 2013
VisualStudioVersion = 12.0.21005.1
MinimumVisualStudioVersion = 10.0.40219.1
Project("{FAE04EC0-301F-11D3-BF4B-00C04F79EFBC}") = "QTStore", "QTStore\QTStore.csproj", "{8C8F7878-E15F-47ED-8D1E-2F1785F489F3}"
EndProject
Project("{FAE04EC0-301F-11D3-BF4B-00C04F79EFBC}") = "QTStore.Tests", "QTStore.Tests\QTStore.Tests.csproj", "{B31A0392-781E-4463-8C1D-57636698783F}"
EndProject
Global
	GlobalSection(SolutionConfigurationPlatforms) = preSolution
		Debug|Any CPU = Debug|Any CPU
		Release|Any CPU = Release|Any CPU
	EndGlobalSection
	GlobalSection(ProjectConfigurationPlatforms) = postSolution
		{8C8F7878-E15F-47ED-8D1E-2F1785F489F3}.Debug|Any CPU.ActiveCfg = Debug|Any CPU
		{8C8F7878-E15F-47ED-8D1E-2F1785F489F3}.Debug|Any CPU.Build.0 = Debug|Any CPU
		{8C8F7878-E15F-47ED-8D1E-2F1785F489F3}.Release|Any CPU.ActiveCfg = Release|Any CPU
		{8C8F7878-E15F-47ED-8D1E-2F1785F489F3}.Release|Any CPU.Build.0 = Release|Any CPU
		{B31A0392-781E-4463-8C1D-57636698783F}.Debug|Any CPU.ActiveCfg = Debug|Any CPU
		{B31A0392-781E-4463-8C1D-57636698783F}.Debug|Any CPU.Build.0 = Debug|Any CPU
		{B31A0392-781E-4463-8C1D-57636698783F}.Release|Any CPU.ActiveCfg = Release|Any CPU
		{B31A0392-781E-4463-8C1D-57636698783F}.Release|Any CPU.Build.0 = Release|Any CPU
	EndGlobalSection
	GlobalSection(SolutionProperties) = preSolution
		HideSolutionNode = FALSE
	EndGlobalSection
EndGlobal
